
Microsoft Visual Studio Solution File, Format Version 12.00
# Visual Studio Version 17
VisualStudioVersion = 17.0.31903.59
MinimumVisualStudioVersion = 10.0.40219.1
Project("{2150E333-8FDC-42A3-9474-1A3956D46DE8}") = "src", "src", "{02EA681E-C7D8-13C7-8484-4AC65E1B71E8}"
	ProjectSection(SolutionItems) = preProject
		README.md = README.md
	EndProjectSection
EndProject
Project("{2150E333-8FDC-42A3-9474-1A3956D46DE8}") = "tests", "tests", "{02A32E2D-8038-4BA6-B00D-644BA10E757C}"
EndProject
Project("{FAE04EC0-301F-11D3-BF4B-00C04F79EFBC}") = "ApiMonetizationGateway.API", "ApiMonetizationGateway.API\ApiMonetizationGateway.API.csproj", "{59BE0DB8-0B5D-42C2-8A40-E2D16BEBCF18}"
EndProject
Project("{FAE04EC0-301F-11D3-BF4B-00C04F79EFBC}") = "ApiMonetizationGateway.Core", "ApiMonetizationGateway.Core\ApiMonetizationGateway.Core.csproj", "{D8967531-ADA5-4B56-83DF-6AF6B1CF3456}"
EndProject
Project("{FAE04EC0-301F-11D3-BF4B-00C04F79EFBC}") = "ApiMonetizationGateway.Infrastructure", "ApiMonetizationGateway.Infrastructure\ApiMonetizationGateway.Infrastructure.csproj", "{536510B5-B36A-4F68-BA89-E241123B4053}"
EndProject
Project("{FAE04EC0-301F-11D3-BF4B-00C04F79EFBC}") = "ApiMonetizationGateway.Services", "ApiMonetizationGateway.Services\ApiMonetizationGateway.Services.csproj", "{F13FA5D7-282B-4D8E-9358-A4BB4B965E02}"
EndProject
Project("{FAE04EC0-301F-11D3-BF4B-00C04F79EFBC}") = "ApiMonetizationGateway.Tests", "ApiMonetizationGateway.Tests\ApiMonetizationGateway.Tests.csproj", "{474EFBFC-A536-45B7-B442-29864827E0BC}"
EndProject
Global
	GlobalSection(SolutionConfigurationPlatforms) = preSolution
		Debug|Any CPU = Debug|Any CPU
		Release|Any CPU = Release|Any CPU
	EndGlobalSection
	GlobalSection(ProjectConfigurationPlatforms) = postSolution
		{59BE0DB8-0B5D-42C2-8A40-E2D16BEBCF18}.Debug|Any CPU.ActiveCfg = Debug|Any CPU
		{59BE0DB8-0B5D-42C2-8A40-E2D16BEBCF18}.Debug|Any CPU.Build.0 = Debug|Any CPU
		{59BE0DB8-0B5D-42C2-8A40-E2D16BEBCF18}.Release|Any CPU.ActiveCfg = Release|Any CPU
		{59BE0DB8-0B5D-42C2-8A40-E2D16BEBCF18}.Release|Any CPU.Build.0 = Release|Any CPU
		{D8967531-ADA5-4B56-83DF-6AF6B1CF3456}.Debug|Any CPU.ActiveCfg = Debug|Any CPU
		{D8967531-ADA5-4B56-83DF-6AF6B1CF3456}.Debug|Any CPU.Build.0 = Debug|Any CPU
		{D8967531-ADA5-4B56-83DF-6AF6B1CF3456}.Release|Any CPU.ActiveCfg = Release|Any CPU
		{D8967531-ADA5-4B56-83DF-6AF6B1CF3456}.Release|Any CPU.Build.0 = Release|Any CPU
		{536510B5-B36A-4F68-BA89-E241123B4053}.Debug|Any CPU.ActiveCfg = Debug|Any CPU
		{536510B5-B36A-4F68-BA89-E241123B4053}.Debug|Any CPU.Build.0 = Debug|Any CPU
		{536510B5-B36A-4F68-BA89-E241123B4053}.Release|Any CPU.ActiveCfg = Release|Any CPU
		{536510B5-B36A-4F68-BA89-E241123B4053}.Release|Any CPU.Build.0 = Release|Any CPU
		{F13FA5D7-282B-4D8E-9358-A4BB4B965E02}.Debug|Any CPU.ActiveCfg = Debug|Any CPU
		{F13FA5D7-282B-4D8E-9358-A4BB4B965E02}.Debug|Any CPU.Build.0 = Debug|Any CPU
		{F13FA5D7-282B-4D8E-9358-A4BB4B965E02}.Release|Any CPU.ActiveCfg = Release|Any CPU
		{F13FA5D7-282B-4D8E-9358-A4BB4B965E02}.Release|Any CPU.Build.0 = Release|Any CPU
		{474EFBFC-A536-45B7-B442-29864827E0BC}.Debug|Any CPU.ActiveCfg = Debug|Any CPU
		{474EFBFC-A536-45B7-B442-29864827E0BC}.Debug|Any CPU.Build.0 = Debug|Any CPU
		{474EFBFC-A536-45B7-B442-29864827E0BC}.Release|Any CPU.ActiveCfg = Release|Any CPU
		{474EFBFC-A536-45B7-B442-29864827E0BC}.Release|Any CPU.Build.0 = Release|Any CPU
	EndGlobalSection
	GlobalSection(SolutionProperties) = preSolution
		HideSolutionNode = FALSE
	EndGlobalSection
	GlobalSection(NestedProjects) = preSolution
		{02A32E2D-8038-4BA6-B00D-644BA10E757C} = {02EA681E-C7D8-13C7-8484-4AC65E1B71E8}
		{59BE0DB8-0B5D-42C2-8A40-E2D16BEBCF18} = {02EA681E-C7D8-13C7-8484-4AC65E1B71E8}
		{D8967531-ADA5-4B56-83DF-6AF6B1CF3456} = {02EA681E-C7D8-13C7-8484-4AC65E1B71E8}
		{536510B5-B36A-4F68-BA89-E241123B4053} = {02EA681E-C7D8-13C7-8484-4AC65E1B71E8}
		{F13FA5D7-282B-4D8E-9358-A4BB4B965E02} = {02EA681E-C7D8-13C7-8484-4AC65E1B71E8}
		{474EFBFC-A536-45B7-B442-29864827E0BC} = {02A32E2D-8038-4BA6-B00D-644BA10E757C}
	EndGlobalSection
	GlobalSection(ExtensibilityGlobals) = postSolution
		SolutionGuid = {846373F2-0AAA-41AC-BE08-E2C0BE0C4137}
	EndGlobalSection
EndGlobal
